Microsoft Visual Studio Solution File, Format Version 11.00
# Visual Studio 2008

Project("{324B4138-46E1-0D67-7EBF-7D01ED5D79D7}") = "Pomidor", "Assembly-CSharp-vs.csproj", "{93F3E8A6-FBDF-3D36-E0EA-F1844610EDFB}"
EndProject
Global
	GlobalSection(SolutionConfigurationPlatforms) = preSolution
		Debug|Any CPU = Debug|Any CPU
		Release|Any CPU = Release|Any CPU
	EndGlobalSection
	GlobalSection(ProjectConfigurationPlatforms) = postSolution
		{93F3E8A6-FBDF-3D36-E0EA-F1844610EDFB}.Debug|Any CPU.ActiveCfg = Debug|Any CPU
		{93F3E8A6-FBDF-3D36-E0EA-F1844610EDFB}.Debug|Any CPU.Build.0 = Debug|Any CPU
		{93F3E8A6-FBDF-3D36-E0EA-F1844610EDFB}.Release|Any CPU.ActiveCfg = Release|Any CPU
		{93F3E8A6-FBDF-3D36-E0EA-F1844610EDFB}.Release|Any CPU.Build.0 = Release|Any CPU
	EndGlobalSection
	GlobalSection(SolutionProperties) = preSolution
		HideSolutionNode = FALSE
	EndGlobalSection
																																																								GlobalSection(MonoDevelopProperties) = preSolution
		StartupItem = Assembly-CSharp.csproj
		Policies = $0
		$0.TextStylePolicy = $1
		$1.inheritsSet = null
		$1.scope = text/x-csharp
		$0.CSharpFormattingPolicy = $2
		$2.inheritsSet = Mono
		$2.inheritsScope = text/x-csharp
		$2.scope = text/x-csharp
		$0.TextStylePolicy = $3
		$3.FileWidth = 120
		$3.TabWidth = 4
		$3.IndentWidth = 4
		$3.EolMarker = Unix
		$3.inheritsSet = Mono
		$3.inheritsScope = text/plain
		$3.scope = text/plain
	EndGlobalSection

EndGlobal
